
Microsoft Visual Studio Solution File, Format Version 12.00
# Visual Studio Version 16
VisualStudioVersion = 16.0.30711.63
MinimumVisualStudioVersion = 10.0.40219.1
Project("{9A19103F-16F7-4668-BE54-9A1E7A4F7556}") = "SingleResponsibilityPrinciple_1", "SingleResponsibilityPrinciple\SingleResponsibilityPrinciple_1.csproj", "{23A4AAF4-F9F6-4ACF-983B-CE525B766013}"
EndProject
Project("{2150E333-8FDC-42A3-9474-1A3956D46DE8}") = "SingleResponsibilityPrinciple_SRP", "SingleResponsibilityPrinciple_SRP", "{89D0ED1A-B17F-446C-ADC7-153B90B66C34}"
	ProjectSection(SolutionItems) = preProject
		SingleResponsibilityPrinciple_Notes.txt = SingleResponsibilityPrinciple_Notes.txt
	EndProjectSection
EndProject
Project("{9A19103F-16F7-4668-BE54-9A1E7A4F7556}") = "OpenClosePrinciple_1", "OpenClosePrinciple_1\OpenClosePrinciple_1.csproj", "{B2D43AA6-AC5A-402F-A52B-170CA705FD06}"
EndProject
Project("{2150E333-8FDC-42A3-9474-1A3956D46DE8}") = "Solution Items", "Solution Items", "{79655664-930E-488F-A8A6-BDDCBB8ADB58}"
	ProjectSection(SolutionItems) = preProject
		Notes.txt = Notes.txt
	EndProjectSection
EndProject
Project("{2150E333-8FDC-42A3-9474-1A3956D46DE8}") = "OpenClosedPrinciple_OCP", "OpenClosedPrinciple_OCP", "{25FF92BF-4A67-402F-8B5A-873673F0F8A0}"
	ProjectSection(SolutionItems) = preProject
		OpenClosedPrinciple_ Notes.txt = OpenClosedPrinciple_ Notes.txt
	EndProjectSection
EndProject
Project("{9A19103F-16F7-4668-BE54-9A1E7A4F7556}") = "LiskovSubstitutionPrinciple_1", "LiskovSubstitutionPrinciple_1\LiskovSubstitutionPrinciple_1.csproj", "{873559B2-5832-44A9-8EC8-340F213D4040}"
EndProject
Project("{2150E333-8FDC-42A3-9474-1A3956D46DE8}") = "LiskovSubstitutionPrinciple_LSP", "LiskovSubstitutionPrinciple_LSP", "{C44294E6-DDE4-45ED-BA77-54C30D15C547}"
	ProjectSection(SolutionItems) = preProject
		LiskovSubstitutionPrinciple_Notes.txt = LiskovSubstitutionPrinciple_Notes.txt
	EndProjectSection
EndProject
Project("{2150E333-8FDC-42A3-9474-1A3956D46DE8}") = "InterfaceSegregationPrinciple_ISP", "InterfaceSegregationPrinciple_ISP", "{1E8E0243-3A1F-48A5-BC89-E2CA04E31E69}"
	ProjectSection(SolutionItems) = preProject
		InterfaceSegregationPrinciple_Notes.txt = InterfaceSegregationPrinciple_Notes.txt
	EndProjectSection
EndProject
Project("{FAE04EC0-301F-11D3-BF4B-00C04F79EFBC}") = "InterfaceSegregationPrinciple_1", "InterfaceSegregationPrinciple_1\InterfaceSegregationPrinciple_1.csproj", "{52EDAB23-D5A6-442E-88FB-ED9B5A7E9142}"
EndProject
Global
	GlobalSection(SolutionConfigurationPlatforms) = preSolution
		Debug|Any CPU = Debug|Any CPU
		Release|Any CPU = Release|Any CPU
	EndGlobalSection
	GlobalSection(ProjectConfigurationPlatforms) = postSolution
		{23A4AAF4-F9F6-4ACF-983B-CE525B766013}.Debug|Any CPU.ActiveCfg = Debug|Any CPU
		{23A4AAF4-F9F6-4ACF-983B-CE525B766013}.Debug|Any CPU.Build.0 = Debug|Any CPU
		{23A4AAF4-F9F6-4ACF-983B-CE525B766013}.Release|Any CPU.ActiveCfg = Release|Any CPU
		{23A4AAF4-F9F6-4ACF-983B-CE525B766013}.Release|Any CPU.Build.0 = Release|Any CPU
		{B2D43AA6-AC5A-402F-A52B-170CA705FD06}.Debug|Any CPU.ActiveCfg = Debug|Any CPU
		{B2D43AA6-AC5A-402F-A52B-170CA705FD06}.Debug|Any CPU.Build.0 = Debug|Any CPU
		{B2D43AA6-AC5A-402F-A52B-170CA705FD06}.Release|Any CPU.ActiveCfg = Release|Any CPU
		{B2D43AA6-AC5A-402F-A52B-170CA705FD06}.Release|Any CPU.Build.0 = Release|Any CPU
		{873559B2-5832-44A9-8EC8-340F213D4040}.Debug|Any CPU.ActiveCfg = Debug|Any CPU
		{873559B2-5832-44A9-8EC8-340F213D4040}.Debug|Any CPU.Build.0 = Debug|Any CPU
		{873559B2-5832-44A9-8EC8-340F213D4040}.Release|Any CPU.ActiveCfg = Release|Any CPU
		{873559B2-5832-44A9-8EC8-340F213D4040}.Release|Any CPU.Build.0 = Release|Any CPU
		{52EDAB23-D5A6-442E-88FB-ED9B5A7E9142}.Debug|Any CPU.ActiveCfg = Debug|Any CPU
		{52EDAB23-D5A6-442E-88FB-ED9B5A7E9142}.Debug|Any CPU.Build.0 = Debug|Any CPU
		{52EDAB23-D5A6-442E-88FB-ED9B5A7E9142}.Release|Any CPU.ActiveCfg = Release|Any CPU
		{52EDAB23-D5A6-442E-88FB-ED9B5A7E9142}.Release|Any CPU.Build.0 = Release|Any CPU
	EndGlobalSection
	GlobalSection(SolutionProperties) = preSolution
		HideSolutionNode = FALSE
	EndGlobalSection
	GlobalSection(NestedProjects) = preSolution
		{23A4AAF4-F9F6-4ACF-983B-CE525B766013} = {89D0ED1A-B17F-446C-ADC7-153B90B66C34}
		{B2D43AA6-AC5A-402F-A52B-170CA705FD06} = {25FF92BF-4A67-402F-8B5A-873673F0F8A0}
		{873559B2-5832-44A9-8EC8-340F213D4040} = {C44294E6-DDE4-45ED-BA77-54C30D15C547}
		{52EDAB23-D5A6-442E-88FB-ED9B5A7E9142} = {1E8E0243-3A1F-48A5-BC89-E2CA04E31E69}
	EndGlobalSection
	GlobalSection(ExtensibilityGlobals) = postSolution
		SolutionGuid = {6025D3BC-7C4B-4F31-B62F-4093F8641A8E}
	EndGlobalSection
EndGlobal
